<?xml version="1.0" encoding="UTF-8" standalone="yes" ?>
<CodeBlocks_project_file>
	<FileVersion major="1" minor="6" />
	<Project>
		<Option title="NSGA3" />
		<Option pch_mode="2" />
		<Option compiler="gcc" />
		<Build>
			<Target title="Debug">
				<Option output="bin/Debug/NSGA3" prefix_auto="1" extension_auto="1" />
				<Option object_output="obj/Debug/" />
				<Option type="1" />
				<Option compiler="gcc" />
				<Compiler>
					<Add option="-g" />
				</Compiler>
			</Target>
			<Target title="Release">
				<Option output="bin/Release/NSGA3" prefix_auto="1" extension_auto="1" />
				<Option object_output="obj/Release/" />
				<Option type="1" />
				<Option compiler="gcc" />
				<Compiler>
					<Add option="-O2" />
				</Compiler>
				<Linker>
					<Add option="-s" />
				</Linker>
			</Target>
		</Build>
		<Compiler>
			<Add option="-Wall" />
		</Compiler>
		<Unit filename="Cost_Function.c">
			<Option compilerVar="CC" />
		</Unit>
		<Unit filename="Cost_Function.h" />
		<Unit filename="Lite_Matrix.c">
			<Option compilerVar="CC" />
		</Unit>
		<Unit filename="Lite_Matrix.h">
			<Option target="Debug" />
		</Unit>
		<Unit filename="Reference_Points.c">
			<Option compilerVar="CC" />
			<Option target="Debug" />
		</Unit>
		<Unit filename="Reference_Points.h">
			<Option target="Debug" />
		</Unit>
		<Unit filename="Sort_Population.c">
			<Option compilerVar="CC" />
			<Option target="Debug" />
		</Unit>
		<Unit filename="Sort_Population.h">
			<Option target="Debug" />
		</Unit>
		<Unit filename="main.c">
			<Option compilerVar="CC" />
		</Unit>
		<Unit filename="nsga3.c">
			<Option compilerVar="CC" />
		</Unit>
		<Unit filename="nsga3.h">
			<Option target="Debug" />
		</Unit>
		<Extensions>
			<code_completion />
			<envvars />
			<debugger />
			<lib_finder disable_auto="1" />
		</Extensions>
	</Project>
</CodeBlocks_project_file>
